
Microsoft Visual Studio Solution File, Format Version 12.00
# Visual Studio Version 16
VisualStudioVersion = 16.0.31112.23
MinimumVisualStudioVersion = 10.0.40219.1
Project("{FAE04EC0-301F-11D3-BF4B-00C04F79EFBC}") = "Ivanov_WF_NotePad", "Ivanov_WF_NotePad\Ivanov_WF_NotePad.csproj", "{2D18A163-C737-4D2F-83CC-CC10247A85DB}"
EndProject
Global
	GlobalSection(SolutionConfigurationPlatforms) = preSolution
		Debug|Any CPU = Debug|Any CPU
		Release|Any CPU = Release|Any CPU
	EndGlobalSection
	GlobalSection(ProjectConfigurationPlatforms) = postSolution
		{2D18A163-C737-4D2F-83CC-CC10247A85DB}.Debug|Any CPU.ActiveCfg = Debug|Any CPU
		{2D18A163-C737-4D2F-83CC-CC10247A85DB}.Debug|Any CPU.Build.0 = Debug|Any CPU
		{2D18A163-C737-4D2F-83CC-CC10247A85DB}.Release|Any CPU.ActiveCfg = Release|Any CPU
		{2D18A163-C737-4D2F-83CC-CC10247A85DB}.Release|Any CPU.Build.0 = Release|Any CPU
	EndGlobalSection
	GlobalSection(SolutionProperties) = preSolution
		HideSolutionNode = FALSE
	EndGlobalSection
	GlobalSection(ExtensibilityGlobals) = postSolution
		SolutionGuid = {FD8559FF-ADEC-45EB-99F1-8ED6A520CF00}
	EndGlobalSection
EndGlobal
